lockfileVersion: '9.0'

settings:
  autoInstallPeers: true
  excludeLinksFromLockfile: false

importers:

  .:
    dependencies:
      '@discord-player/extractor':
        specifier: ^4.5.1
        version: 4.5.1
      '@google/generative-ai':
        specifier: ^0.21.0
        version: 0.21.0
      '@magicyan/discord':
        specifier: ^1.2.0
        version: 1.2.0(discord.js@14.16.3)
      '@magicyan/discord-ui':
        specifier: ^0.2.0
        version: 0.2.0(discord.js@14.16.3)
      '@napi-rs/canvas':
        specifier: ^0.1.58
        version: 0.1.58
      chalk:
        specifier: ^5.3.0
        version: 5.3.0
      consola:
        specifier: ^3.2.3
        version: 3.2.3
      discord-player:
        specifier: ^6.7.1
        version: 6.7.1(@discord-player/extractor@4.5.1)(ffmpeg-static@5.2.0)
      discord-player-youtubei:
        specifier: ^1.3.3
        version: 1.3.3
      discord.js:
        specifier: ^14.16.3
        version: 14.16.3
      fast-glob:
        specifier: ^3.3.2
        version: 3.3.2
      ffmpeg-static:
        specifier: ^5.2.0
        version: 5.2.0
      mediaplex:
        specifier: ^0.0.9
        version: 0.0.9
      radix3:
        specifier: ^1.1.2
        version: 1.1.2
      zod:
        specifier: ^3.23.8
        version: 3.23.8
    devDependencies:
      '@types/node':
        specifier: ^22.7.8
        version: 22.7.8
      tsx:
        specifier: 4.19.1
        version: 4.19.1
      typescript:
        specifier: ^5.6.3
        version: 5.6.3

packages:

  '@bufbuild/protobuf@2.2.0':
    resolution: {integrity: sha512-+imAQkHf7U/Rwvu0wk1XWgsP3WnpCWmK7B48f0XqSNzgk64+grljTKC7pnO/xBiEMUziF7vKRfbBnOQhg126qQ==}

  '@derhuerst/http-basic@8.2.4':
    resolution: {integrity: sha512-F9rL9k9Xjf5blCz8HsJRO4diy111cayL2vkY2XE4r4t3n0yPXVYy3KD3nJ1qbrSn9743UWSXH4IwuCa/HWlGFw==}
    engines: {node: '>=6.0.0'}

  '@discord-player/equalizer@0.2.3':
    resolution: {integrity: sha512-71UAepYMbHTg2QQLXQAgyuXYHrgAYpJDxjg9dRWfTUNf+zfOAlyJEiRRk/WFhQyGu6m23iLR/H/JxgF4AW8Csg==}

  '@discord-player/extractor@4.5.1':
    resolution: {integrity: sha512-krsgdHD7sx4SWHKkIFDPcgYXR21EfleW0bjI6WvnJQbvTg9TZ4aYw77G6UVw/HaF7i3u3WuyGPZp1UqG0FRHaw==}

  '@discord-player/ffmpeg@0.1.0':
    resolution: {integrity: sha512-0kW6q4gMQN2B4Z4EzmUgXrKQSXXmyhjdZBBZ/6jSHZ9fh814oOu+JXP01VvtWHwTylI7qJHIctEWtSyjEubCJg==}

  '@discord-player/opus@0.1.2':
    resolution: {integrity: sha512-yF0m+pW7H9RCbRcgk/i6vv47tlWxaCHjp6/F0W4GXZMGZ0pcvZaxk8ic7aFPc3+IoDvrAHvWNomLq+JeFzdncA==}

  '@discord-player/utils@0.2.2':
    resolution: {integrity: sha512-UklWUT7BcZEkBgywM9Cmpo2nwj3SQ9Wmhu6ml1uy/YRQnY8IRdZEHD84T2kfjOg4LVZek0ej1VerIqq7a9PAHQ==}

  '@discordjs/builders@1.9.0':
    resolution: {integrity: sha512-0zx8DePNVvQibh5ly5kCEei5wtPBIUbSoE9n+91Rlladz4tgtFbJ36PZMxxZrTEOQ7AHMZ/b0crT/0fCy6FTKg==}
    engines: {node: '>=18'}

  '@discordjs/collection@1.5.3':
    resolution: {integrity: sha512-SVb428OMd3WO1paV3rm6tSjM4wC+Kecaa1EUGX7vc6/fddvw/6lg90z4QtCqm21zvVe92vMMDt9+DkIvjXImQQ==}
    engines: {node: '>=16.11.0'}

  '@discordjs/collection@2.1.1':
    resolution: {integrity: sha512-LiSusze9Tc7qF03sLCujF5iZp7K+vRNEDBZ86FT9aQAv3vxMLihUvKvpsCWiQ2DJq1tVckopKm1rxomgNUc9hg==}
    engines: {node: '>=18'}

  '@discordjs/formatters@0.5.0':
    resolution: {integrity: sha512-98b3i+Y19RFq1Xke4NkVY46x8KjJQjldHUuEbCqMvp1F5Iq9HgnGpu91jOi/Ufazhty32eRsKnnzS8n4c+L93g==}
    engines: {node: '>=18'}

  '@discordjs/rest@2.4.0':
    resolution: {integrity: sha512-Xb2irDqNcq+O8F0/k/NaDp7+t091p+acb51iA4bCKfIn+WFWd6HrNvcsSbMMxIR9NjcMZS6NReTKygqiQN+ntw==}
    engines: {node: '>=18'}

  '@discordjs/util@1.1.1':
    resolution: {integrity: sha512-eddz6UnOBEB1oITPinyrB2Pttej49M9FZQY8NxgEvc3tq6ZICZ19m70RsmzRdDHk80O9NoYN/25AqJl8vPVf/g==}
    engines: {node: '>=18'}

  '@discordjs/ws@1.1.1':
    resolution: {integrity: sha512-PZ+vLpxGCRtmr2RMkqh8Zp+BenUaJqlS6xhgWKEZcgC/vfHLEzpHtKkB0sl3nZWpwtcKk6YWy+pU3okL2I97FA==}
    engines: {node: '>=16.11.0'}

  '@esbuild/aix-ppc64@0.23.1':
    resolution: {integrity: sha512-6VhYk1diRqrhBAqpJEdjASR/+WVRtfjpqKuNw11cLiaWpAT/Uu+nokB+UJnevzy/P9C/ty6AOe0dwueMrGh/iQ==}
    engines: {node: '>=18'}
    cpu: [ppc64]
    os: [aix]

  '@esbuild/android-arm64@0.23.1':
    resolution: {integrity: sha512-xw50ipykXcLstLeWH7WRdQuysJqejuAGPd30vd1i5zSyKK3WE+ijzHmLKxdiCMtH1pHz78rOg0BKSYOSB/2Khw==}
    engines: {node: '>=18'}
    cpu: [arm64]
    os: [android]

  '@esbuild/android-arm@0.23.1':
    resolution: {integrity: sha512-uz6/tEy2IFm9RYOyvKl88zdzZfwEfKZmnX9Cj1BHjeSGNuGLuMD1kR8y5bteYmwqKm1tj8m4cb/aKEorr6fHWQ==}
    engines: {node: '>=18'}
    cpu: [arm]
    os: [android]

  '@esbuild/android-x64@0.23.1':
    resolution: {integrity: sha512-nlN9B69St9BwUoB+jkyU090bru8L0NA3yFvAd7k8dNsVH8bi9a8cUAUSEcEEgTp2z3dbEDGJGfP6VUnkQnlReg==}
    engines: {node: '>=18'}
    cpu: [x64]
    os: [android]

  '@esbuild/darwin-arm64@0.23.1':
    resolution: {integrity: sha512-YsS2e3Wtgnw7Wq53XXBLcV6JhRsEq8hkfg91ESVadIrzr9wO6jJDMZnCQbHm1Guc5t/CdDiFSSfWP58FNuvT3Q==}
    engines: {node: '>=18'}
    cpu: [arm64]
    os: [darwin]

  '@esbuild/darwin-x64@0.23.1':
    resolution: {integrity: sha512-aClqdgTDVPSEGgoCS8QDG37Gu8yc9lTHNAQlsztQ6ENetKEO//b8y31MMu2ZaPbn4kVsIABzVLXYLhCGekGDqw==}
    engines: {node: '>=18'}
    cpu: [x64]
    os: [darwin]

  '@esbuild/freebsd-arm64@0.23.1':
    resolution: {integrity: sha512-h1k6yS8/pN/NHlMl5+v4XPfikhJulk4G+tKGFIOwURBSFzE8bixw1ebjluLOjfwtLqY0kewfjLSrO6tN2MgIhA==}
    engines: {node: '>=18'}
    cpu: [arm64]
    os: [freebsd]

  '@esbuild/freebsd-x64@0.23.1':
    resolution: {integrity: sha512-lK1eJeyk1ZX8UklqFd/3A60UuZ/6UVfGT2LuGo3Wp4/z7eRTRYY+0xOu2kpClP+vMTi9wKOfXi2vjUpO1Ro76g==}
    engines: {node: '>=18'}
    cpu: [x64]
    os: [freebsd]

  '@esbuild/linux-arm64@0.23.1':
    resolution: {integrity: sha512-/93bf2yxencYDnItMYV/v116zff6UyTjo4EtEQjUBeGiVpMmffDNUyD9UN2zV+V3LRV3/on4xdZ26NKzn6754g==}
    engines: {node: '>=18'}
    cpu: [arm64]
    os: [linux]

  '@esbuild/linux-arm@0.23.1':
    resolution: {integrity: sha512-CXXkzgn+dXAPs3WBwE+Kvnrf4WECwBdfjfeYHpMeVxWE0EceB6vhWGShs6wi0IYEqMSIzdOF1XjQ/Mkm5d7ZdQ==}
    engines: {node: '>=18'}
    cpu: [arm]
    os: [linux]

  '@esbuild/linux-ia32@0.23.1':
    resolution: {integrity: sha512-VTN4EuOHwXEkXzX5nTvVY4s7E/Krz7COC8xkftbbKRYAl96vPiUssGkeMELQMOnLOJ8k3BY1+ZY52tttZnHcXQ==}
    engines: {node: '>=18'}
    cpu: [ia32]
    os: [linux]

  '@esbuild/linux-loong64@0.23.1':
    resolution: {integrity: sha512-Vx09LzEoBa5zDnieH8LSMRToj7ir/Jeq0Gu6qJ/1GcBq9GkfoEAoXvLiW1U9J1qE/Y/Oyaq33w5p2ZWrNNHNEw==}
    engines: {node: '>=18'}
    cpu: [loong64]
    os: [linux]

  '@esbuild/linux-mips64el@0.23.1':
    resolution: {integrity: sha512-nrFzzMQ7W4WRLNUOU5dlWAqa6yVeI0P78WKGUo7lg2HShq/yx+UYkeNSE0SSfSure0SqgnsxPvmAUu/vu0E+3Q==}
    engines: {node: '>=18'}
    cpu: [mips64el]
    os: [linux]

  '@esbuild/linux-ppc64@0.23.1':
    resolution: {integrity: sha512-dKN8fgVqd0vUIjxuJI6P/9SSSe/mB9rvA98CSH2sJnlZ/OCZWO1DJvxj8jvKTfYUdGfcq2dDxoKaC6bHuTlgcw==}
    engines: {node: '>=18'}
    cpu: [ppc64]
    os: [linux]

  '@esbuild/linux-riscv64@0.23.1':
    resolution: {integrity: sha512-5AV4Pzp80fhHL83JM6LoA6pTQVWgB1HovMBsLQ9OZWLDqVY8MVobBXNSmAJi//Csh6tcY7e7Lny2Hg1tElMjIA==}
    engines: {node: '>=18'}
    cpu: [riscv64]
    os: [linux]

  '@esbuild/linux-s390x@0.23.1':
    resolution: {integrity: sha512-9ygs73tuFCe6f6m/Tb+9LtYxWR4c9yg7zjt2cYkjDbDpV/xVn+68cQxMXCjUpYwEkze2RcU/rMnfIXNRFmSoDw==}
    engines: {node: '>=18'}
    cpu: [s390x]
    os: [linux]

  '@esbuild/linux-x64@0.23.1':
    resolution: {integrity: sha512-EV6+ovTsEXCPAp58g2dD68LxoP/wK5pRvgy0J/HxPGB009omFPv3Yet0HiaqvrIrgPTBuC6wCH1LTOY91EO5hQ==}
    engines: {node: '>=18'}
    cpu: [x64]
    os: [linux]

  '@esbuild/netbsd-x64@0.23.1':
    resolution: {integrity: sha512-aevEkCNu7KlPRpYLjwmdcuNz6bDFiE7Z8XC4CPqExjTvrHugh28QzUXVOZtiYghciKUacNktqxdpymplil1beA==}
    engines: {node: '>=18'}
    cpu: [x64]
    os: [netbsd]

  '@esbuild/openbsd-arm64@0.23.1':
    resolution: {integrity: sha512-3x37szhLexNA4bXhLrCC/LImN/YtWis6WXr1VESlfVtVeoFJBRINPJ3f0a/6LV8zpikqoUg4hyXw0sFBt5Cr+Q==}
    engines: {node: '>=18'}
    cpu: [arm64]
    os: [openbsd]

  '@esbuild/openbsd-x64@0.23.1':
    resolution: {integrity: sha512-aY2gMmKmPhxfU+0EdnN+XNtGbjfQgwZj43k8G3fyrDM/UdZww6xrWxmDkuz2eCZchqVeABjV5BpildOrUbBTqA==}
    engines: {node: '>=18'}
    cpu: [x64]
    os: [openbsd]

  '@esbuild/sunos-x64@0.23.1':
    resolution: {integrity: sha512-RBRT2gqEl0IKQABT4XTj78tpk9v7ehp+mazn2HbUeZl1YMdaGAQqhapjGTCe7uw7y0frDi4gS0uHzhvpFuI1sA==}
    engines: {node: '>=18'}
    cpu: [x64]
    os: [sunos]

  '@esbuild/win32-arm64@0.23.1':
    resolution: {integrity: sha512-4O+gPR5rEBe2FpKOVyiJ7wNDPA8nGzDuJ6gN4okSA1gEOYZ67N8JPk58tkWtdtPeLz7lBnY6I5L3jdsr3S+A6A==}
    engines: {node: '>=18'}
    cpu: [arm64]
    os: [win32]

  '@esbuild/win32-ia32@0.23.1':
    resolution: {integrity: sha512-BcaL0Vn6QwCwre3Y717nVHZbAa4UBEigzFm6VdsVdT/MbZ38xoj1X9HPkZhbmaBGUD1W8vxAfffbDe8bA6AKnQ==}
    engines: {node: '>=18'}
    cpu: [ia32]
    os: [win32]

  '@esbuild/win32-x64@0.23.1':
    resolution: {integrity: sha512-BHpFFeslkWrXWyUPnbKm+xYYVYruCinGcftSBaa8zoF9hZO4BcSCFUvHVTtzpIY6YzUnYtuEhZ+C9iEXjxnasg==}
    engines: {node: '>=18'}
    cpu: [x64]
    os: [win32]

  '@fastify/busboy@2.1.1':
    resolution: {integrity: sha512-vBZP4NlzfOlerQTnba4aqZoMhE/a9HY7HRqoOPaETQcSQuWEIyZMHGfVu6w9wGtGK5fED5qRs2DteVCjOH60sA==}
    engines: {node: '>=14'}

  '@google/generative-ai@0.21.0':
    resolution: {integrity: sha512-7XhUbtnlkSEZK15kN3t+tzIMxsbKm/dSkKBFalj+20NvPKe1kBY7mR2P7vuijEn+f06z5+A8bVGKO0v39cr6Wg==}
    engines: {node: '>=18.0.0'}

  '@magicyan/core@1.0.19':
    resolution: {integrity: sha512-xSd4itJFtGoMswJ/3mMYNVM/WzbyfTJNWV/VeQR9sGKx66qPkK5A+6fQH12MfcWy1QiVeQtoB4HwVwo6jErr7Q==}

  '@magicyan/discord-ui@0.2.0':
    resolution: {integrity: sha512-cYwQrPjjnGqVrJyWslpLcrNLkou0vFHnCWLh88Zo/C7DI/yYHGoONuC+sQO3Y/vZDUePUZJ1DhmrhOlChyxKWw==}
    peerDependencies:
      discord.js: ^14.15.2

  '@magicyan/discord@1.2.0':
    resolution: {integrity: sha512-8U4GXI3xBW1nqigUG9ufAXPkIR3TJ7wZ4mM6jY0mUaqRor01H3EEAkODrG+z6HIlOH37XezFhGixoYopTR8gPw==}
    peerDependencies:
      discord.js: ^14.16.3

  '@napi-rs/canvas-android-arm64@0.1.58':
    resolution: {integrity: sha512-0bwURPP2jNTRoZ++sLbUubYS8MQdoJrEp8T1Z5QNu6Msf2DZXYSyfNrzeA/I+3TfNmJ5r3kQueSxHA89e7CLUQ==}
    engines: {node: '>= 10'}
    cpu: [arm64]
    os: [android]

  '@napi-rs/canvas-darwin-arm64@0.1.58':
    resolution: {integrity: sha512-3AetouQtGTDldvIV9t7iZ6eZlwnn1r32GLr6zxmJmjDFQs5Ey1LYC7hYRYzRHx2fgU/slvwfMhgQjlH+T+vrlw==}
    engines: {node: '>= 10'}
    cpu: [arm64]
    os: [darwin]

  '@napi-rs/canvas-darwin-x64@0.1.58':
    resolution: {integrity: sha512-JwF2yTqzlvBAon4/GvzQf5RpCpcy4vusi4GZA35B0UI66+6DJv0J83E+tCuMJgCywk9GqUNEH9ozXqZsSMc7hw==}
    engines: {node: '>= 10'}
    cpu: [x64]
    os: [darwin]

  '@napi-rs/canvas-linux-arm-gnueabihf@0.1.58':
    resolution: {integrity: sha512-I0perR7XYeUFCASZJ3eMoCJz690PpZcq+9/kItOfqzH2+EO2I+MTn194p2YPHENzC+kybTUUucl9jyQDzRuZUg==}
    engines: {node: '>= 10'}
    cpu: [arm]
    os: [linux]

  '@napi-rs/canvas-linux-arm64-gnu@0.1.58':
    resolution: {integrity: sha512-9U/T2N2aVOQ2OcIxWxOP3GXXuBZkNFtvZFVW+Uiov6qRiTeu3xjqrvAP+CSWhpVIW+GhR3rhlcYZY73rlVcJjQ==}
    engines: {node: '>= 10'}
    cpu: [arm64]
    os: [linux]

  '@napi-rs/canvas-linux-arm64-musl@0.1.58':
    resolution: {integrity: sha512-CyPvv0CoZLn64t3zhgNy5Jd8QE5lKy+dcbkP/CT2XRNAJ8eulO1qr5gcKZBOhXkPFSHHjYcLHWuHK/6/KvggcQ==}
    engines: {node: '>= 10'}
    cpu: [arm64]
    os: [linux]

  '@napi-rs/canvas-linux-x64-gnu@0.1.58':
    resolution: {integrity: sha512-lt1KsWrdB0SJ1fhxGW1y1aLv+Xy+7/qQ/80oh+nbstqLqziMRUYkLOmsIKiMlqvv3zETa6VUPofi8dZmCbNUOQ==}
    engines: {node: '>= 10'}
    cpu: [x64]
    os: [linux]

  '@napi-rs/canvas-linux-x64-musl@0.1.58':
    resolution: {integrity: sha512-YCQwtulayB1Y+lJi9p3vLGs5q9udRsx9cRDY1fnyPAQnsGO5Snub/MZltYgEKUDlUlJxAcnVJlMUKPWT/zIR+w==}
    engines: {node: '>= 10'}
    cpu: [x64]
    os: [linux]

  '@napi-rs/canvas-win32-x64-msvc@0.1.58':
    resolution: {integrity: sha512-qyRhuEqyoSQTBRHLKvShfjueqVWWtsG2U3yaxAE9Yhkg0sx6lunH7fPPrFcIKxbQ4k8pAbmWebhi9xPVf6mYPQ==}
    engines: {node: '>= 10'}
    cpu: [x64]
    os: [win32]

  '@napi-rs/canvas@0.1.58':
    resolution: {integrity: sha512-XDeVEFbXfiiXeB9816rlbSZyOysJPaQTKYG7u/wL3GQhg4YznZkjq8vEsNvK6C+bJx29OV8INu9bmfXPaE4Drw==}
    engines: {node: '>= 10'}

  '@nodelib/fs.scandir@2.1.5':
    resolution: {integrity: sha512-vq24Bq3ym5HEQm2NKCr3yXDwjc7vTsEThRDnkp2DK9p1uqLR+DHurm/NOTo0KG7HYHU7eppKZj3MyqYuMBf62g==}
    engines: {node: '>= 8'}

  '@nodelib/fs.stat@2.0.5':
    resolution: {integrity: sha512-RkhPPp2zrqDAQA/2jNhnztcPAlv64XdhIp7a7454A5ovI7Bukxgt7MX7udwAu3zg1DcpPU0rz3VV1SeaqvY4+A==}
    engines: {node: '>= 8'}

  '@nodelib/fs.walk@1.2.8':
    resolution: {integrity: sha512-oGB+UxlgWcgQkgwo8GcEGwemoTFt3FIO9ababBmaGwXIoBKZ+GTy0pP185beGg7Llih/NSHSV2XAs1lnznocSg==}
    engines: {node: '>= 8'}

  '@sapphire/async-queue@1.5.3':
    resolution: {integrity: sha512-x7zadcfJGxFka1Q3f8gCts1F0xMwCKbZweM85xECGI0hBTeIZJGGCrHgLggihBoprlQ/hBmDR5LKfIPqnmHM3w==}
    engines: {node: '>=v14.0.0', npm: '>=7.0.0'}

  '@sapphire/shapeshift@4.0.0':
    resolution: {integrity: sha512-d9dUmWVA7MMiKobL3VpLF8P2aeanRTu6ypG2OIaEv/ZHH/SUQ2iHOVyi5wAPjQ+HmnMuL0whK9ez8I/raWbtIg==}
    engines: {node: '>=v16'}

  '@sapphire/snowflake@3.5.3':
    resolution: {integrity: sha512-jjmJywLAFoWeBi1W7994zZyiNWPIiqRRNAmSERxyg93xRGzNYvGjlZ0gR6x0F4gPRi2+0O6S71kOZYyr3cxaIQ==}
    engines: {node: '>=v14.0.0', npm: '>=7.0.0'}

  '@tokenizer/token@0.3.0':
    resolution: {integrity: sha512-OvjF+z51L3ov0OyAU0duzsYuvO01PH7x4t6DJx+guahgTnBHkhJdG7soQeTSFLWN3efnHyibZ4Z8l2EuWwJN3A==}

  '@types/node@10.17.60':
    resolution: {integrity: sha512-F0KIgDJfy2nA3zMLmWGKxcH2ZVEtCZXHHdOQs2gSaQ27+lNeEfGxzkIw90aXswATX7AZ33tahPbzy6KAfUreVw==}

  '@types/node@22.7.8':
    resolution: {integrity: sha512-a922jJy31vqR5sk+kAdIENJjHblqcZ4RmERviFsER4WJcEONqxKcjNOlk0q7OUfrF5sddT+vng070cdfMlrPLg==}

  '@types/ws@8.5.12':
    resolution: {integrity: sha512-3tPRkv1EtkDpzlgyKyI8pGsGZAGPEaXeu0DOj5DI25Ja91bdAYddYHbADRYVrZMRbfW+1l5YwXVDKohDJNQxkQ==}

  '@vladfrangu/async_event_emitter@2.4.6':
    resolution: {integrity: sha512-RaI5qZo6D2CVS6sTHFKg1v5Ohq/+Bo2LZ5gzUEwZ/WkHhwtGTCB/sVLw8ijOkAUxasZ+WshN/Rzj4ywsABJ5ZA==}
    engines: {node: '>=v14.0.0', npm: '>=7.0.0'}

  '@web-scrobbler/metadata-filter@3.2.0':
    resolution: {integrity: sha512-K2Wkq9AOJkgj4Hk9g0flKnNWYkJy1GTPpHTgpNLU5OXaXgqPKLyrtb62M1cIxMN3ESH6XGvPKM92VEl/Gc3Rog==}
    engines: {node: '>=10.0.0'}

  acorn@8.13.0:
    resolution: {integrity: sha512-8zSiw54Oxrdym50NlZ9sUusyO1Z1ZchgRLWRaK6c86XJFClyCgFKetdowBg5bKxyp/u+CDBJG4Mpp0m3HLZl9w==}
    engines: {node: '>=0.4.0'}
    hasBin: true

  agent-base@6.0.2:
    resolution: {integrity: sha512-RZNwNclF7+MS/8bDg70amg32dyeZGZxiDuQmZxKLAlQjr3jGyLx+4Kkk58UO7D2QdgFIQCovuSuZESne6RG6XQ==}
    engines: {node: '>= 6.0.0'}

  boolbase@1.0.0:
    resolution: {integrity: sha512-JZOSA7Mo9sNGB8+UjSgzdLtokWAky1zbztM3WRLCbZ70/3cTANmQmOdR7y2g+J0e2WXywy1yS468tY+IruqEww==}

  braces@3.0.3:
    resolution: {integrity: sha512-yQbXgO/OSZVD2IsiLlro+7Hf6Q18EJrKSEsdoMzKePKXct3gvD8oLcOQdIzGupr5Fj+EDe8gO/lxc1BzfMpxvA==}
    engines: {node: '>=8'}

  buffer-from@1.1.2:
    resolution: {integrity: sha512-E+XQCRwSbaaiChtv6k6Dwgc+bx+Bs6vuKJHHl5kox/BaKbhiXzqQOwK4cO22yElGp2OCmjwVhT3HmxgyPGnJfQ==}

  caseless@0.12.0:
    resolution: {integrity: sha512-4tYFyifaFfGacoiObjJegolkwSU4xQNGbVgUiNYVUxbQ2x2lUsFvY4hVgVzGiIe6WLOPqycWXA40l+PWsxthUw==}

  chalk@5.3.0:
    resolution: {integrity: sha512-dLitG79d+GV1Nb/VYcCDFivJeK1hiukt9QjRNVOsUtTy1rR1YJsmpGGTZ3qJos+uw7WmWF4wUwBd9jxjocFC2w==}
    engines: {node: ^12.17.0 || ^14.13 || >=16.0.0}

  concat-stream@2.0.0:
    resolution: {integrity: sha512-MWufYdFw53ccGjCA+Ol7XJYpAlW6/prSMzuPOTRnJGcGzuhLn4Scrz7qf6o8bROZ514ltazcIFJZevcfbo0x7A==}
    engines: {'0': node >= 6.0}

  consola@3.2.3:
    resolution: {integrity: sha512-I5qxpzLv+sJhTVEoLYNcTW+bThDCPsit0vLNKShZx6rLtpilNpmmeTPaeqJb9ZE9dV3DGaeby6Vuhrw38WjeyQ==}
    engines: {node: ^14.18.0 || >=16.10.0}

  css-select@5.1.0:
    resolution: {integrity: sha512-nwoRF1rvRRnnCqqY7updORDsuqKzqYJ28+oSMaJMMgOauh3fvwHqMS7EZpIPqK8GL+g9mKxF1vP/ZjSeNjEVHg==}

  css-what@6.1.0:
    resolution: {integrity: sha512-HTUrgRJ7r4dsZKU6GjmpfRK1O76h97Z8MfS1G0FozR+oF2kG6Vfe8JE6zwrkbxigziPHinCJ+gCPjA9EaBDtRw==}
    engines: {node: '>= 6'}

  data-uri-to-buffer@4.0.1:
    resolution: {integrity: sha512-0R9ikRb668HB7QDxT1vkpuUBtqc53YyAwMwGeUFKRojY/NWKvdZ+9UYtRfGmhqNbRkTSVpMbmyhXipFFv2cb/A==}
    engines: {node: '>= 12'}

  debug@4.3.7:
    resolution: {integrity: sha512-Er2nc/H7RrMXZBFCEim6TCmMk02Z8vLC2Rbi1KEBggpo0fS6l0S1nnapwmIi3yW/+GOJap1Krg4w0Hg80oCqgQ==}
    engines: {node: '>=6.0'}
    peerDependencies:
      supports-color: '*'
    peerDependenciesMeta:
      supports-color:
        optional: true

  discord-api-types@0.37.100:
    resolution: {integrity: sha512-a8zvUI0GYYwDtScfRd/TtaNBDTXwP5DiDVX7K5OmE+DRT57gBqKnwtOC5Ol8z0mRW8KQfETIgiB8U0YZ9NXiCA==}

  discord-api-types@0.37.103:
    resolution: {integrity: sha512-r+qitxXKe2l6KFw5odPdZSSqdEou+7eNC7BfbZ7mny5Me/K06wCTeKUMVeH/YsI9+4QQudskeQ307kr/7ppQ1A==}

  discord-api-types@0.37.83:
    resolution: {integrity: sha512-urGGYeWtWNYMKnYlZnOnDHm8fVRffQs3U0SpE8RHeiuLKb/u92APS8HoQnPTFbnXmY1vVnXjXO4dOxcAn3J+DA==}

  discord-api-types@0.37.97:
    resolution: {integrity: sha512-No1BXPcVkyVD4ZVmbNgDKaBoqgeQ+FJpzZ8wqHkfmBnTZig1FcH3iPPersiK1TUIAzgClh2IvOuVUYfcWLQAOA==}

  discord-player-youtubei@1.3.3:
    resolution: {integrity: sha512-upjLdAO57R3LzoX4SzyCAhLngrRuyiG+3zWBIFKi17h+S/FT8Ys/FuNW71pyvtbH/gpG3GhLlzzoHkm+9u6v4Q==}
    hasBin: true

  discord-player@6.7.1:
    resolution: {integrity: sha512-ScQmChpZebpVzs+RMsSkCXSORUIXUR3aHsEssGZSLKrbWnregt3jVc39emftTt6EfarZ2TvTK262mXeAYPzpcQ==}
    peerDependencies:
      '@discord-player/extractor': ^4.5.0

  discord-voip@0.1.3:
    resolution: {integrity: sha512-9DWY5/BLPXeldVwPr8/ggGjggTYOTw77aGQc3+4n5K54bRbbiJ9DUJc+mJzDiSLoHN3f286eRGACJYtrUu27xA==}
    engines: {node: '>=16.9.0'}

  discord.js@14.16.3:
    resolution: {integrity: sha512-EPCWE9OkA9DnFFNrO7Kl1WHHDYFXu3CNVFJg63bfU7hVtjZGyhShwZtSBImINQRWxWP2tgo2XI+QhdXx28r0aA==}
    engines: {node: '>=18'}

  dom-serializer@2.0.0:
    resolution: {integrity: sha512-wIkAryiqt/nV5EQKqQpo3SToSOV9J0DnbJqwK7Wv/Trc92zIAYZ4FlMu+JPFW1DfGFt81ZTCGgDEabffXeLyJg==}

  domelementtype@2.3.0:
    resolution: {integrity: sha512-OLETBj6w0OsagBwdXnPdN0cnMfF9opN69co+7ZrbfPGrdpPVNBUj02spi6B1N7wChLQiPn4CSH/zJvXw56gmHw==}

  domhandler@5.0.3:
    resolution: {integrity: sha512-cgwlv/1iFQiFnU96XXgROh8xTeetsnJiDsTc7TYCLFd9+/WNkIqPTxiM/8pSd8VIrhXGTf1Ny1q1hquVqDJB5w==}
    engines: {node: '>= 4'}

  domutils@3.1.0:
    resolution: {integrity: sha512-H78uMmQtI2AhgDJjWeQmHwJJ2bLPD3GMmO7Zja/ZZh84wkm+4ut+IUnUdRa8uCGX88DiVx1j6FRe1XfxEgjEZA==}

  entities@4.5.0:
    resolution: {integrity: sha512-V0hjH4dGPh9Ao5p0MoRY6BVqtwCjhz6vI5LT8AJ55H+4g9/4vbHx1I54fS0XuclLhDHArPQCiMjDxjaL8fPxhw==}
    engines: {node: '>=0.12'}

  env-paths@2.2.1:
    resolution: {integrity: sha512-+h1lkLKhZMTYjog1VEpJNG7NZJWcuc2DDk/qsqSTRRCOXiLjeQ1d1/udrUGhqMxUgAlwKNZ0cf2uqan5GLuS2A==}
    engines: {node: '>=6'}

  esbuild@0.23.1:
    resolution: {integrity: sha512-VVNz/9Sa0bs5SELtn3f7qhJCDPCF5oMEl5cO9/SSinpE9hbPVvxbd572HH5AKiP7WD8INO53GgfDDhRjkylHEg==}
    engines: {node: '>=18'}
    hasBin: true

  fast-deep-equal@3.1.3:
    resolution: {integrity: sha512-f3qQ9oQy9j2AhBe/H9VC91wLmKBCCU/gDOnKNAYG5hswO7BLKj09Hc5HYNz9cGI++xlpDCIgDaitVs03ATR84Q==}

  fast-glob@3.3.2:
    resolution: {integrity: sha512-oX2ruAFQwf/Orj8m737Y5adxDQO0LAB7/S5MnxCdTNDd4p6BsyIVsv9JQsATbTSq8KHRpLwIHbVlUNatxd+1Ow==}
    engines: {node: '>=8.6.0'}

  fastq@1.17.1:
    resolution: {integrity: sha512-sRVD3lWVIXWg6By68ZN7vho9a1pQcN/WBFaAAsDDFzlJjvoGx0P8z7V1t72grFJfJhu3YPZBuu25f7Kaw2jN1w==}

  fetch-blob@3.2.0:
    resolution: {integrity: sha512-7yAQpD2UMJzLi1Dqv7qFYnPbaPx7ZfFK6PiIxQ4PfkGPyNyl2Ugx+a/umUonmKqjhM4DnfbMvdX6otXq83soQQ==}
    engines: {node: ^12.20 || >= 14.13}

  ffmpeg-static@5.2.0:
    resolution: {integrity: sha512-WrM7kLW+do9HLr+H6tk7LzQ7kPqbAgLjdzNE32+u3Ff11gXt9Kkkd2nusGFrlWMIe+XaA97t+I8JS7sZIrvRgA==}
    engines: {node: '>=16'}

  file-type@16.5.4:
    resolution: {integrity: sha512-/yFHK0aGjFEgDJjEKP0pWCplsPFPhwyfwevf/pVxiN0tmE4L9LmwWxWukdJSHdoCli4VgQLehjJtwQBnqmsKcw==}
    engines: {node: '>=10'}

  fill-range@7.1.1:
    resolution: {integrity: sha512-YsGpe3WHLK8ZYi4tWDg2Jy3ebRz2rXowDxnld4bkQB00cc/1Zw9AWnC0i9ztDJitivtQvaI9KaLyKrc+hBW0yg==}
    engines: {node: '>=8'}

  formdata-polyfill@4.0.10:
    resolution: {integrity: sha512-buewHzMvYL29jdeQTVILecSaZKnt/RJWjoZCF5OW60Z67/GmSLBkOFM7qh1PI3zFNtJbaZL5eQu1vLfazOwj4g==}
    engines: {node: '>=12.20.0'}

  fsevents@2.3.3:
    resolution: {integrity: sha512-5xoDfX+fL7faATnagmWPpbFtwh/R77WmMMqqHGS65C3vvB0YHrgF+B1YmZ3441tMj5n63k0212XNoJwzlhffQw==}
    engines: {node: ^8.16.0 || ^10.6.0 || >=11.0.0}
    os: [darwin]

  genius-lyrics@4.4.7:
    resolution: {integrity: sha512-cgO5nSeFqtLZAUyWB+8XWMRBIRzPUSUC42N3CoDGRgKX1anGAyDUhM6/RVIJXCNnQa6XHZHswKcKgHaRiyl+GQ==}

  get-tsconfig@4.8.1:
    resolution: {integrity: sha512-k9PN+cFBmaLWtVz29SkUoqU5O0slLuHJXt/2P+tMVFT+phsSGXGkp9t3rQIqdz0e+06EHNGs3oM6ZX1s2zHxRg==}

  glob-parent@5.1.2:
    resolution: {integrity: sha512-AOIgSQCepiJYwP3ARnGx+5VnTu2HBYdzbGP45eLw1vr3zB3vZLeyed1sC9hnbcOc9/SrMyM5RPQrkGz4aS9Zow==}
    engines: {node: '>= 6'}

  he@1.2.0:
    resolution: {integrity: sha512-F/1DnUGPopORZi0ni+CvrCgHQ5FyEAHRLSApuYWMmrbSwoN2Mn/7k+Gl38gJnR7yyDZk6WLXwiGod1JOWNDKGw==}
    hasBin: true

  himalaya@1.1.0:
    resolution: {integrity: sha512-LLase1dHCRMel68/HZTFft0N0wti0epHr3nNY7ynpLbyZpmrKMQ8YIpiOV77TM97cNpC8Wb2n6f66IRggwdWPw==}

  http-response-object@3.0.2:
    resolution: {integrity: sha512-bqX0XTF6fnXSQcEJ2Iuyr75yVakyjIDCqroJQ/aHfSdlM743Cwqoi2nDYMzLGWUcuTWGWy8AAvOKXTfiv6q9RA==}

  https-proxy-agent@5.0.1:
    resolution: {integrity: sha512-dFcAjpTQFgoLMzC2VwU+C/CbS7uRL0lWmxDITmqm7C+7F0Odmj6s9l6alZc6AELXhrnggM2CeWSXHGOdX2YtwA==}
    engines: {node: '>= 6'}

  ieee754@1.2.1:
    resolution: {integrity: sha512-dcyqhDvX1C46lXZcVqCpK+FtMRQVdIMN6/Df5js2zouUsqG7I6sFxitIC+7KYK29KdXOLHdu9zL4sFnoVQnqaA==}

  inherits@2.0.4:
    resolution: {integrity: sha512-k/vGaX4/Yla3WzyMCvTQOXYeIHvqOKtnqBduzTHpzpQZzAskKMhZ2K+EnBiSM9zGSoIFeMpXKxa4dYeZIQqewQ==}

  is-extglob@2.1.1:
    resolution: {integrity: sha512-SbKbANkN603Vi4jEZv49LeVJMn4yGwsbzZworEoyEiutsN3nJYdbO36zfhGJ6QEDpOZIFkDtnq5JRxmvl3jsoQ==}
    engines: {node: '>=0.10.0'}

  is-glob@4.0.3:
    resolution: {integrity: sha512-xelSayHH36ZgE7ZWhli7pW34hNbNl8Ojv5KVmkJD4hBdD3th8Tfk9vYasLM+mXWOZhFkgZfxhLSnrwRr4elSSg==}
    engines: {node: '>=0.10.0'}

  is-number@7.0.0:
    resolution: {integrity: sha512-41Cifkg6e8TylSpdtTpeLVMqvSBEVzTttHvERD741+pnZ8ANv0004MRL43QKPDlK9cGvNp6NZWZUBlbGXYxxng==}
    engines: {node: '>=0.12.0'}

  isomorphic-unfetch@4.0.2:
    resolution: {integrity: sha512-1Yd+CF/7al18/N2BDbsLBcp6RO3tucSW+jcLq24dqdX5MNbCNTw1z4BsGsp4zNmjr/Izm2cs/cEqZPp4kvWSCA==}

  jintr@2.1.1:
    resolution: {integrity: sha512-89cwX4ouogeDGOBsEVsVYsnWWvWjchmwXBB4kiBhmjOKw19FiOKhNhMhpxhTlK2ctl7DS+d/ethfmuBpzoNNgA==}

  libsodium-wrappers@0.7.15:
    resolution: {integrity: sha512-E4anqJQwcfiC6+Yrl01C1m8p99wEhLmJSs0VQqST66SbQXXBoaJY0pF4BNjRYa/sOQAxx6lXAaAFIlx+15tXJQ==}

  libsodium@0.7.15:
    resolution: {integrity: sha512-sZwRknt/tUpE2AwzHq3jEyUU5uvIZHtSssktXq7owd++3CSgn8RGrv6UZJJBpP7+iBghBqe7Z06/2M31rI2NKw==}

  lodash.snakecase@4.1.1:
    resolution: {integrity: sha512-QZ1d4xoBHYUeuouhEq3lk3Uq7ldgyFXGBhg04+oRLnIz8o9T65Eh+8YdroUwn846zchkA9yDsDl5CVVaV2nqYw==}

  lodash@4.17.21:
    resolution: {integrity: sha512-v2kDEe57lecTulaDIuNTPy3Ry4gLGJ6Z1O3vE1krgXZNrsQ+LFTGHVxVjcXPs17LhbZVGedAJv8XZ1tvj5FvSg==}

  magic-bytes.js@1.10.0:
    resolution: {integrity: sha512-/k20Lg2q8LE5xiaaSkMXk4sfvI+9EGEykFS4b0CHHGWqDYU0bGUFSwchNOMA56D7TCs9GwVTkqe9als1/ns8UQ==}

  mediaplex-android-arm64@0.0.9:
    resolution: {integrity: sha512-XAQlZwMcMO2Rk91CL4dK9OgsXa97Ahchd4bu3/DkzTxOXZQUmMZX4yEAN4FjjQctxMefBY9oh5ZdewBAffk+Fg==}
    engines: {node: '>= 10'}
    cpu: [arm64]
    os: [android]

  mediaplex-darwin-arm64@0.0.9:
    resolution: {integrity: sha512-Q79D2jxlJ8vtdj5rlV2HgzSqINSMxZC+wpcHkGHZ/lEATh0fC5OlKdjk3wZRgfEEnY851TBuVvZoRJgJYEnKag==}
    engines: {node: '>= 10'}
    cpu: [arm64]
    os: [darwin]

  mediaplex-darwin-universal@0.0.9:
    resolution: {integrity: sha512-hyptA3BKr8SgDbdop8kTS9xQ4rwnYiiwqG3cHCdHj2qaWRjMus6JF6ep27A9GTDs4rFSsSXKivZZ2IlOHEW9OA==}
    engines: {node: '>= 10'}
    os: [darwin]

  mediaplex-darwin-x64@0.0.9:
    resolution: {integrity: sha512-gSznB2pTt0QikrqwvNUYcFfUVkVkZiNijw5aaIZDTZfWvyFQk3HtenSQ82zwk4UKt7IfrChgh/7RLmQqOnym2g==}
    engines: {node: '>= 10'}
    cpu: [x64]
    os: [darwin]

  mediaplex-freebsd-x64@0.0.9:
    resolution: {integrity: sha512-fcCEMLTkyPNb8dYwv+3xKIGBgLKvyw/DX4KDAw0gWy378j8aB+D7HjVupI/XWZODrzkSvIiYabCx0oy4Nyz8dg==}
    engines: {node: '>= 10'}
    cpu: [x64]
    os: [freebsd]

  mediaplex-linux-arm-gnueabihf@0.0.9:
    resolution: {integrity: sha512-ZmXcv81pxgM11/R4d5WVu0ss2Pgi2eTKR/uW9cz5wUHI5uAVsI1Wf8Gufv/h24JsvLDv2e31BUmls742WzvHIQ==}
    engines: {node: '>= 10'}
    cpu: [arm]
    os: [linux]

  mediaplex-linux-x64-gnu@0.0.9:
    resolution: {integrity: sha512-Qfzb5BcxX1N1J5ukns5DTruze/ivJJIbK0OuKCBLMoufctPMPlZKKUUJNrro088Lp0AtDXzbQoV4cVAK5nm4UQ==}
    engines: {node: '>= 10'}
    cpu: [x64]
    os: [linux]

  mediaplex-win32-arm64-msvc@0.0.9:
    resolution: {integrity: sha512-c3FDtvg2DAoe0EWSh0vIhPwfpHLgEmW8uGajtyON5W5/ygAslAuK9Q9CemHfLfUbeko2r0RlGm2gpygn1PAzLQ==}
    engines: {node: '>= 10'}
    cpu: [arm64]
    os: [win32]

  mediaplex-win32-ia32-msvc@0.0.9:
    resolution: {integrity: sha512-ScmLR3wB6norxTXrD4JRYs9EhnbhimjXieDfmgy9DJIagxDiWQ3oxfoj8aUg1bdiS62MIiW78jQxtGUb7z8xkw==}
    engines: {node: '>= 10'}
    cpu: [ia32]
    os: [win32]

  mediaplex-win32-x64-msvc@0.0.9:
    resolution: {integrity: sha512-0H6d4AdciOam1k2iBROjePNE5FA1QkQZ2PqmODAO4ElVEBylgWzGheyAKEyZcmdjNrHORJLl2+XpIssAvsKxag==}
    engines: {node: '>= 10'}
    cpu: [x64]
    os: [win32]

  mediaplex@0.0.9:
    resolution: {integrity: sha512-D907iMYWey2RA5T0EtE82RgY3ufFYZ95/5jjty01SOSUOK8lIudjMpkaMwEewk1/tU1XpthR2/ca0U4MTGSIUw==}
    engines: {node: '>= 10'}

  merge2@1.4.1:
    resolution: {integrity: sha512-8q7VEgMJW4J8tcfVPy8g09NcQwZdbwFEqhe/WZkoIzjn/3TGDwtOCYtXGxA3O8tPzpczCCDgv+P2P5y00ZJOOg==}
    engines: {node: '>= 8'}

  micromatch@4.0.8:
    resolution: {integrity: sha512-PXwfBhYu0hBCPw8Dn0E+WDYb7af3dSLVWKi3HGv84IdF4TyFoC0ysxFd0Goxw7nSv4T/PzEJQxsYsEiFCKo2BA==}
    engines: {node: '>=8.6'}

  ms@2.1.3:
    resolution: {integrity: sha512-6FlzubTLZG3J2a/NVCAleEhjzq5oxgHyaCU9yYXvcLsvoVaHJq/s5xXI6/XXP6tz7R9xAOtHnSO/tXtF3WRTlA==}

  node-domexception@1.0.0:
    resolution: {integrity: sha512-/jKZoMpw0F8GRwl4/eLROPA3cfcXtLApP0QzLmUT/HuPCZWyB7IY9ZrMeKw2O/nFIqPQB3PVM9aYm0F312AXDQ==}
    engines: {node: '>=10.5.0'}

  node-fetch@2.7.0:
    resolution: {integrity: sha512-c4FRfUm/dbcWZ7U+1Wq0AwCyFL+3nt2bEw05wfxSz+DWpWsitgmSgYmy2dQdWyKC1694ELPqMs/YzUSNozLt8A==}
    engines: {node: 4.x || >=6.0.0}
    peerDependencies:
      encoding: ^0.1.0
    peerDependenciesMeta:
      encoding:
        optional: true

  node-fetch@3.3.2:
    resolution: {integrity: sha512-dRB78srN/l6gqWulah9SrxeYnxeddIG30+GOqK/9OlLVyLg3HPnr6SqOWTWOXKRwC2eGYCkZ59NNuSgvSrpgOA==}
    engines: {node: ^12.20.0 || ^14.13.1 || >=16.0.0}

  node-html-parser@6.1.13:
    resolution: {integrity: sha512-qIsTMOY4C/dAa5Q5vsobRpOOvPfC4pB61UVW2uSwZNUp0QU/jCekTal1vMmbO0DgdHeLUJpv/ARmDqErVxA3Sg==}

  nth-check@2.1.1:
    resolution: {integrity: sha512-lqjrjmaOoAnWfMmBPL+XNnynZh2+swxiX3WUE0s4yEHI6m+AwrK2UZOimIRl3X/4QctVqS8AiZjFqyOGrMXb/w==}

  parse-cache-control@1.0.1:
    resolution: {integrity: sha512-60zvsJReQPX5/QP0Kzfd/VrpjScIQ7SHBW6bFCYfEP+fp0Eppr1SHhIO5nd1PjZtvclzSzES9D/p5nFJurwfWg==}

  peek-readable@4.1.0:
    resolution: {integrity: sha512-ZI3LnwUv5nOGbQzD9c2iDG6toheuXSZP5esSHBjopsXH4dg19soufvpUGA3uohi5anFtGb2lhAVdHzH6R/Evvg==}
    engines: {node: '>=8'}

  picomatch@2.3.1:
    resolution: {integrity: sha512-JU3teHTNjmE2VCGFzuY8EXzCDVwEqB2a8fsIvwaStHhAWJEeVd1o1QD80CU6+ZdEXXSLbSsuLwJjkCBWqRQUVA==}
    engines: {node: '>=8.6'}

  prism-media@1.3.5:
    resolution: {integrity: sha512-IQdl0Q01m4LrkN1EGIE9lphov5Hy7WWlH6ulf5QdGePLlPas9p2mhgddTEHrlaXYjjFToM1/rWuwF37VF4taaA==}
    peerDependencies:
      '@discordjs/opus': '>=0.8.0 <1.0.0'
      ffmpeg-static: ^5.0.2 || ^4.2.7 || ^3.0.0 || ^2.4.0
      node-opus: ^0.3.3
      opusscript: ^0.0.8
    peerDependenciesMeta:
      '@discordjs/opus':
        optional: true
      ffmpeg-static:
        optional: true
      node-opus:
        optional: true
      opusscript:
        optional: true

  progress@2.0.3:
    resolution: {integrity: sha512-7PiHtLll5LdnKIMw100I+8xJXR5gW2QwWYkT6iJva0bXitZKa/XMrSbdmg3r2Xnaidz9Qumd0VPaMrZlF9V9sA==}
    engines: {node: '>=0.4.0'}

  queue-microtask@1.2.3:
    resolution: {integrity: sha512-NuaNSa6flKT5JaSYQzJok04JzTL1CA6aGhv5rfLW3PgqA+M2ChpZQnAC8h8i4ZFkBS8X5RqkDBHA7r4hej3K9A==}

  radix3@1.1.2:
    resolution: {integrity: sha512-b484I/7b8rDEdSDKckSSBA8knMpcdsXudlE/LNL639wFoHKwLbEkQFZHWEYwDC0wa0FKUcCY+GAF73Z7wxNVFA==}

  readable-stream@3.6.2:
    resolution: {integrity: sha512-9u/sniCrY3D5WdsERHzHE4G2YCXqoG5FTHUiCC4SIbr6XcLZBY05ya9EKjYek9O5xOAwjGq+1JdGBAS7Q9ScoA==}
    engines: {node: '>= 6'}

  readable-web-to-node-stream@3.0.2:
    resolution: {integrity: sha512-ePeK6cc1EcKLEhJFt/AebMCLL+GgSKhuygrZ/GLaKZYEecIgIECf4UaUuaByiGtzckwR4ain9VzUh95T1exYGw==}
    engines: {node: '>=8'}

  resolve-pkg-maps@1.0.0:
    resolution: {integrity: sha512-seS2Tj26TBVOC2NIc2rOe2y2ZO7efxITtLZcGSOnHHNOQ7CkiUBfw0Iw2ck6xkIhPwLhKNLS8BO+hEpngQlqzw==}

  reusify@1.0.4:
    resolution: {integrity: sha512-U9nH88a3fc/ekCF1l0/UP1IosiuIjyTh7hBvXVMHYgVcfGvt897Xguj2UOLDeI5BG2m7/uwyaLVT6fbtCwTyzw==}
    engines: {iojs: '>=1.0.0', node: '>=0.10.0'}

  reverbnation-scraper@2.0.0:
    resolution: {integrity: sha512-t1Mew5QC9QEVEry5DXyagvci2O+TgXTGoMHbNoW5NRz6LTOzK/DLHUpnrQwloX8CVX5z1a802vwHM3YgUVOvKg==}

  run-parallel@1.2.0:
    resolution: {integrity: sha512-5l4VyZR86LZ/lDxZTR6jqL8AFE2S0IFLMP26AbjsLVADxHdhB/c0GUsH+y39UfCi3dzz8OlQuPmnaJOMoDHQBA==}

  safe-buffer@5.2.1:
    resolution: {integrity: sha512-rp3So07KcdmmKbGvgaNxQSJr7bGVSVk5S9Eq1F+ppbRo70+YeaDxkw5Dd8NPN+GD6bjnYm2VuPuCXmpuYvmCXQ==}

  soundcloud.ts@0.5.5:
    resolution: {integrity: sha512-bygjhC1w/w26Nk0Y+4D4cWSEJ1TdxLaE6+w4pCazFzPF+J4mzuB62ggWmFa7BiwnirzNf9lgPbjzrQYGege4Ew==}

  spotify-uri@4.1.0:
    resolution: {integrity: sha512-SFpBt8pQqO7DOFBsdUjv3GxGZAKYP7UqcTflfE7h3YL1lynl/6Motq7NERoJJR8eF9kXQRSpcdMmV5ou84rbng==}
    engines: {node: '>= 16'}

  spotify-url-info@3.2.17:
    resolution: {integrity: sha512-y2afXtM8aTAwctNrfetGFVZbLKkO7HUQH8969Jlx+IYcXYL8Mt6jBARHkVSdv+oySWI9QwxVpoRxiJzaAls//A==}
    engines: {node: '>= 12'}

  string_decoder@1.3.0:
    resolution: {integrity: sha512-hkRX8U1WjJFd8LsDJ2yQ/wWWxaopEsABU1XfkM8A+j0+85JAGppt16cr1Whg6KIbb4okU6Mql6BOj+uup/wKeA==}

  strtok3@6.3.0:
    resolution: {integrity: sha512-fZtbhtvI9I48xDSywd/somNqgUHl2L2cstmXCCif0itOf96jeW18MBSyrLuNicYQVkvpOxkZtkzujiTJ9LW5Jw==}
    engines: {node: '>=10'}

  tiny-typed-emitter@2.1.0:
    resolution: {integrity: sha512-qVtvMxeXbVej0cQWKqVSSAHmKZEHAvxdF8HEUBFWts8h+xEo5m/lEiPakuyZ3BnCBjOD8i24kzNOiOLLgsSxhA==}

  to-regex-range@5.0.1:
    resolution: {integrity: sha512-65P7iz6X5yEr1cwcgvQxbbIw7Uk3gOy5dIdtZ4rDveLqhrdJP+Li/Hx6tyK0NEb+2GCyneCMJiGqrADCSNk8sQ==}
    engines: {node: '>=8.0'}

  token-types@4.2.1:
    resolution: {integrity: sha512-6udB24Q737UD/SDsKAHI9FCRP7Bqc9D/MQUV02ORQg5iskjtLJlZJNdN4kKtcdtwCeWIwIHDGaUsTsCCAa8sFQ==}
    engines: {node: '>=10'}

  tr46@0.0.3:
    resolution: {integrity: sha512-N3WMsuqV66lT30CrXNbEjx4GEwlow3v6rr4mCcv6prnfwhS01rkgyFdjPNBYd9br7LpXV1+Emh01fHnq2Gdgrw==}

  ts-mixer@6.0.4:
    resolution: {integrity: sha512-ufKpbmrugz5Aou4wcr5Wc1UUFWOLhq+Fm6qa6P0w0K5Qw2yhaUoiWszhCVuNQyNwrlGiscHOmqYoAox1PtvgjA==}

  tslib@2.8.0:
    resolution: {integrity: sha512-jWVzBLplnCmoaTr13V9dYbiQ99wvZRd0vNWaDRg+aVYRcjDF3nDksxFDE/+fkXnKhpnUUkmx5pK/v8mCtLVqZA==}

  tsx@4.19.1:
    resolution: {integrity: sha512-0flMz1lh74BR4wOvBjuh9olbnwqCPc35OOlfyzHba0Dc+QNUeWX/Gq2YTbnwcWPO3BMd8fkzRVrHcsR+a7z7rA==}
    engines: {node: '>=18.0.0'}
    hasBin: true

  typedarray@0.0.6:
    resolution: {integrity: sha512-/aCDEGatGvZ2BIk+HmLf4ifCJFwvKFNb9/JeZPMulfgFracn9QFcAf5GO8B/mweUjSoblS5In0cWhqpfs/5PQA==}

  typescript@5.6.3:
    resolution: {integrity: sha512-hjcS1mhfuyi4WW8IWtjP7brDrG2cuDZukyrYrSauoXGNgx0S7zceP07adYkJycEr56BOUTNPzbInooiN3fn1qw==}
    engines: {node: '>=14.17'}
    hasBin: true

  undici-types@6.19.8:
    resolution: {integrity: sha512-ve2KP6f/JnbPBFyobGHuerC9g1FYGn/F8n1LWTwNxCEzd6IfqTwUQcNXgEtmmQ6DlRrC1hrSrBnCZPokRrDHjw==}

  undici@5.28.4:
    resolution: {integrity: sha512-72RFADWFqKmUb2hmmvNODKL3p9hcB6Gt2DOQMis1SEBaV6a4MH8soBvzg+95CYhCKPFedut2JY9bMfrDl9D23g==}
    engines: {node: '>=14.0'}

  undici@6.19.8:
    resolution: {integrity: sha512-U8uCCl2x9TK3WANvmBavymRzxbfFYG+tAu+fgx3zxQy3qdagQqBLwJVrdyO1TBfUXvfKveMKJZhpvUYoOjM+4g==}
    engines: {node: '>=18.17'}

  undici@6.20.1:
    resolution: {integrity: sha512-AjQF1QsmqfJys+LXfGTNum+qw4S88CojRInG/6t31W/1fk6G59s92bnAvGz5Cmur+kQv2SURXEvvudLmbrE8QA==}
    engines: {node: '>=18.17'}

  unfetch@5.0.0:
    resolution: {integrity: sha512-3xM2c89siXg0nHvlmYsQ2zkLASvVMBisZm5lF3gFDqfF2xonNStDJyMpvaOBe0a1Edxmqrf2E0HBdmy9QyZaeg==}

  util-deprecate@1.0.2:
    resolution: {integrity: sha512-EPD5q1uXyFxJpCrLnCc1nHnq3gOa6DZBocAIiI2TaSCA7VCJ1UJDMagCzIkXNsUYfD1daK//LTEQ8xiIbrHtcw==}

  web-streams-polyfill@3.3.3:
    resolution: {integrity: sha512-d2JWLCivmZYTSIoge9MsgFCZrt571BikcWGYkjC1khllbTeDlGqZ2D8vD8E/lJa8WGWbb7Plm8/XJYV7IJHZZw==}
    engines: {node: '>= 8'}

  webidl-conversions@3.0.1:
    resolution: {integrity: sha512-2JAn3z8AR6rjK8Sm8orRC0h/bcl/DqL7tRPdGZ4I1CjdF+EaMLmYxBHyXuKL849eucPFhvBoxMsflfOb8kxaeQ==}

  whatwg-url@5.0.0:
    resolution: {integrity: sha512-saE57nupxk6v3HY35+jzBwYa0rKSy0XR8JSxZPwgLr7ys0IBzhGviA1/TUGJLmSVqs8pb9AnvICXEuOHLprYTw==}

  ws@8.18.0:
    resolution: {integrity: sha512-8VbfWfHLbbwu3+N6OKsOMpBdT4kXPDDB9cJk2bJ6mh9ucxdlnNvH1e+roYkKmN9Nxw2yjz7VzeO9oOz2zJ04Pw==}
    engines: {node: '>=10.0.0'}
    peerDependencies:
      bufferutil: ^4.0.1
      utf-8-validate: '>=5.0.2'
    peerDependenciesMeta:
      bufferutil:
        optional: true
      utf-8-validate:
        optional: true

  youtube-sr@4.3.11:
    resolution: {integrity: sha512-3oHiS2x7PpMiDRW7Cq8nz1bkAIBOJHoOwkPl/oncM/+A9/3xxMDgMLGW2dsBEP1DHFyRXYTVABgfbdwHF8sXXQ==}

  youtubei.js@10.5.0:
    resolution: {integrity: sha512-iyA+VF28c15tCCKH9ExM2RKC3zYiHzA/eixGlJ3vERANkuI+xYKzAZ4vtOhmyqwrAddu88R/DkzEsmpph5NWjg==}

  zod@3.23.8:
    resolution: {integrity: sha512-XBx9AXhXktjUqnepgTiE5flcKIYWi/rme0Eaj+5Y0lftuGBq+jyRu/md4WnuxqgP1ubdpNCsYEYPxrzVHD8d6g==}

snapshots:

  '@bufbuild/protobuf@2.2.0': {}

  '@derhuerst/http-basic@8.2.4':
    dependencies:
      caseless: 0.12.0
      concat-stream: 2.0.0
      http-response-object: 3.0.2
      parse-cache-control: 1.0.1

  '@discord-player/equalizer@0.2.3': {}

  '@discord-player/extractor@4.5.1':
    dependencies:
      file-type: 16.5.4
      genius-lyrics: 4.4.7
      isomorphic-unfetch: 4.0.2
      node-html-parser: 6.1.13
      reverbnation-scraper: 2.0.0
      soundcloud.ts: 0.5.5
      spotify-url-info: 3.2.17
      youtube-sr: 4.3.11
    transitivePeerDependencies:
      - encoding

  '@discord-player/ffmpeg@0.1.0': {}

  '@discord-player/opus@0.1.2': {}

  '@discord-player/utils@0.2.2':
    dependencies:
      '@discordjs/collection': 1.5.3

  '@discordjs/builders@1.9.0':
    dependencies:
      '@discordjs/formatters': 0.5.0
      '@discordjs/util': 1.1.1
      '@sapphire/shapeshift': 4.0.0
      discord-api-types: 0.37.97
      fast-deep-equal: 3.1.3
      ts-mixer: 6.0.4
      tslib: 2.8.0

  '@discordjs/collection@1.5.3': {}

  '@discordjs/collection@2.1.1': {}

  '@discordjs/formatters@0.5.0':
    dependencies:
      discord-api-types: 0.37.97

  '@discordjs/rest@2.4.0':
    dependencies:
      '@discordjs/collection': 2.1.1
      '@discordjs/util': 1.1.1
      '@sapphire/async-queue': 1.5.3
      '@sapphire/snowflake': 3.5.3
      '@vladfrangu/async_event_emitter': 2.4.6
      discord-api-types: 0.37.97
      magic-bytes.js: 1.10.0
      tslib: 2.8.0
      undici: 6.19.8

  '@discordjs/util@1.1.1': {}

  '@discordjs/ws@1.1.1':
    dependencies:
      '@discordjs/collection': 2.1.1
      '@discordjs/rest': 2.4.0
      '@discordjs/util': 1.1.1
      '@sapphire/async-queue': 1.5.3
      '@types/ws': 8.5.12
      '@vladfrangu/async_event_emitter': 2.4.6
      discord-api-types: 0.37.83
      tslib: 2.8.0
      ws: 8.18.0
    transitivePeerDependencies:
      - bufferutil
      - utf-8-validate

  '@esbuild/aix-ppc64@0.23.1':
    optional: true

  '@esbuild/android-arm64@0.23.1':
    optional: true

  '@esbuild/android-arm@0.23.1':
    optional: true

  '@esbuild/android-x64@0.23.1':
    optional: true

  '@esbuild/darwin-arm64@0.23.1':
    optional: true

  '@esbuild/darwin-x64@0.23.1':
    optional: true

  '@esbuild/freebsd-arm64@0.23.1':
    optional: true

  '@esbuild/freebsd-x64@0.23.1':
    optional: true

  '@esbuild/linux-arm64@0.23.1':
    optional: true

  '@esbuild/linux-arm@0.23.1':
    optional: true

  '@esbuild/linux-ia32@0.23.1':
    optional: true

  '@esbuild/linux-loong64@0.23.1':
    optional: true

  '@esbuild/linux-mips64el@0.23.1':
    optional: true

  '@esbuild/linux-ppc64@0.23.1':
    optional: true

  '@esbuild/linux-riscv64@0.23.1':
    optional: true

  '@esbuild/linux-s390x@0.23.1':
    optional: true

  '@esbuild/linux-x64@0.23.1':
    optional: true

  '@esbuild/netbsd-x64@0.23.1':
    optional: true

  '@esbuild/openbsd-arm64@0.23.1':
    optional: true

  '@esbuild/openbsd-x64@0.23.1':
    optional: true

  '@esbuild/sunos-x64@0.23.1':
    optional: true

  '@esbuild/win32-arm64@0.23.1':
    optional: true

  '@esbuild/win32-ia32@0.23.1':
    optional: true

  '@esbuild/win32-x64@0.23.1':
    optional: true

  '@fastify/busboy@2.1.1': {}

  '@google/generative-ai@0.21.0': {}

  '@magicyan/core@1.0.19': {}

  '@magicyan/discord-ui@0.2.0(discord.js@14.16.3)':
    dependencies:
      discord.js: 14.16.3

  '@magicyan/discord@1.2.0(discord.js@14.16.3)':
    dependencies:
      '@magicyan/core': 1.0.19
      discord.js: 14.16.3

  '@napi-rs/canvas-android-arm64@0.1.58':
    optional: true

  '@napi-rs/canvas-darwin-arm64@0.1.58':
    optional: true

  '@napi-rs/canvas-darwin-x64@0.1.58':
    optional: true

  '@napi-rs/canvas-linux-arm-gnueabihf@0.1.58':
    optional: true

  '@napi-rs/canvas-linux-arm64-gnu@0.1.58':
    optional: true

  '@napi-rs/canvas-linux-arm64-musl@0.1.58':
    optional: true

  '@napi-rs/canvas-linux-x64-gnu@0.1.58':
    optional: true

  '@napi-rs/canvas-linux-x64-musl@0.1.58':
    optional: true

  '@napi-rs/canvas-win32-x64-msvc@0.1.58':
    optional: true

  '@napi-rs/canvas@0.1.58':
    optionalDependencies:
      '@napi-rs/canvas-android-arm64': 0.1.58
      '@napi-rs/canvas-darwin-arm64': 0.1.58
      '@napi-rs/canvas-darwin-x64': 0.1.58
      '@napi-rs/canvas-linux-arm-gnueabihf': 0.1.58
      '@napi-rs/canvas-linux-arm64-gnu': 0.1.58
      '@napi-rs/canvas-linux-arm64-musl': 0.1.58
      '@napi-rs/canvas-linux-x64-gnu': 0.1.58
      '@napi-rs/canvas-linux-x64-musl': 0.1.58
      '@napi-rs/canvas-win32-x64-msvc': 0.1.58

  '@nodelib/fs.scandir@2.1.5':
    dependencies:
      '@nodelib/fs.stat': 2.0.5
      run-parallel: 1.2.0

  '@nodelib/fs.stat@2.0.5': {}

  '@nodelib/fs.walk@1.2.8':
    dependencies:
      '@nodelib/fs.scandir': 2.1.5
      fastq: 1.17.1

  '@sapphire/async-queue@1.5.3': {}

  '@sapphire/shapeshift@4.0.0':
    dependencies:
      fast-deep-equal: 3.1.3
      lodash: 4.17.21

  '@sapphire/snowflake@3.5.3': {}

  '@tokenizer/token@0.3.0': {}

  '@types/node@10.17.60': {}

  '@types/node@22.7.8':
    dependencies:
      undici-types: 6.19.8

  '@types/ws@8.5.12':
    dependencies:
      '@types/node': 22.7.8

  '@vladfrangu/async_event_emitter@2.4.6': {}

  '@web-scrobbler/metadata-filter@3.2.0': {}

  acorn@8.13.0: {}

  agent-base@6.0.2:
    dependencies:
      debug: 4.3.7
    transitivePeerDependencies:
      - supports-color

  boolbase@1.0.0: {}

  braces@3.0.3:
    dependencies:
      fill-range: 7.1.1

  buffer-from@1.1.2: {}

  caseless@0.12.0: {}

  chalk@5.3.0: {}

  concat-stream@2.0.0:
    dependencies:
      buffer-from: 1.1.2
      inherits: 2.0.4
      readable-stream: 3.6.2
      typedarray: 0.0.6

  consola@3.2.3: {}

  css-select@5.1.0:
    dependencies:
      boolbase: 1.0.0
      css-what: 6.1.0
      domhandler: 5.0.3
      domutils: 3.1.0
      nth-check: 2.1.1

  css-what@6.1.0: {}

  data-uri-to-buffer@4.0.1: {}

  debug@4.3.7:
    dependencies:
      ms: 2.1.3

  discord-api-types@0.37.100: {}

  discord-api-types@0.37.103: {}

  discord-api-types@0.37.83: {}

  discord-api-types@0.37.97: {}

  discord-player-youtubei@1.3.3:
    dependencies:
      tiny-typed-emitter: 2.1.0
      undici: 6.20.1
      youtubei.js: 10.5.0

  discord-player@6.7.1(@discord-player/extractor@4.5.1)(ffmpeg-static@5.2.0):
    dependencies:
      '@discord-player/equalizer': 0.2.3
      '@discord-player/extractor': 4.5.1
      '@discord-player/ffmpeg': 0.1.0
      '@discord-player/utils': 0.2.2
      '@web-scrobbler/metadata-filter': 3.2.0
      discord-voip: 0.1.3(ffmpeg-static@5.2.0)
      libsodium-wrappers: 0.7.15
    transitivePeerDependencies:
      - '@discordjs/opus'
      - bufferutil
      - ffmpeg-static
      - node-opus
      - opusscript
      - utf-8-validate

  discord-voip@0.1.3(ffmpeg-static@5.2.0):
    dependencies:
      '@discord-player/ffmpeg': 0.1.0
      '@discord-player/opus': 0.1.2
      '@types/ws': 8.5.12
      discord-api-types: 0.37.103
      prism-media: 1.3.5(ffmpeg-static@5.2.0)
      tslib: 2.8.0
      ws: 8.18.0
    transitivePeerDependencies:
      - '@discordjs/opus'
      - bufferutil
      - ffmpeg-static
      - node-opus
      - opusscript
      - utf-8-validate

  discord.js@14.16.3:
    dependencies:
      '@discordjs/builders': 1.9.0
      '@discordjs/collection': 1.5.3
      '@discordjs/formatters': 0.5.0
      '@discordjs/rest': 2.4.0
      '@discordjs/util': 1.1.1
      '@discordjs/ws': 1.1.1
      '@sapphire/snowflake': 3.5.3
      discord-api-types: 0.37.100
      fast-deep-equal: 3.1.3
      lodash.snakecase: 4.1.1
      tslib: 2.8.0
      undici: 6.19.8
    transitivePeerDependencies:
      - bufferutil
      - utf-8-validate

  dom-serializer@2.0.0:
    dependencies:
      domelementtype: 2.3.0
      domhandler: 5.0.3
      entities: 4.5.0

  domelementtype@2.3.0: {}

  domhandler@5.0.3:
    dependencies:
      domelementtype: 2.3.0

  domutils@3.1.0:
    dependencies:
      dom-serializer: 2.0.0
      domelementtype: 2.3.0
      domhandler: 5.0.3

  entities@4.5.0: {}

  env-paths@2.2.1: {}

  esbuild@0.23.1:
    optionalDependencies:
      '@esbuild/aix-ppc64': 0.23.1
      '@esbuild/android-arm': 0.23.1
      '@esbuild/android-arm64': 0.23.1
      '@esbuild/android-x64': 0.23.1
      '@esbuild/darwin-arm64': 0.23.1
      '@esbuild/darwin-x64': 0.23.1
      '@esbuild/freebsd-arm64': 0.23.1
      '@esbuild/freebsd-x64': 0.23.1
      '@esbuild/linux-arm': 0.23.1
      '@esbuild/linux-arm64': 0.23.1
      '@esbuild/linux-ia32': 0.23.1
      '@esbuild/linux-loong64': 0.23.1
      '@esbuild/linux-mips64el': 0.23.1
      '@esbuild/linux-ppc64': 0.23.1
      '@esbuild/linux-riscv64': 0.23.1
      '@esbuild/linux-s390x': 0.23.1
      '@esbuild/linux-x64': 0.23.1
      '@esbuild/netbsd-x64': 0.23.1
      '@esbuild/openbsd-arm64': 0.23.1
      '@esbuild/openbsd-x64': 0.23.1
      '@esbuild/sunos-x64': 0.23.1
      '@esbuild/win32-arm64': 0.23.1
      '@esbuild/win32-ia32': 0.23.1
      '@esbuild/win32-x64': 0.23.1

  fast-deep-equal@3.1.3: {}

  fast-glob@3.3.2:
    dependencies:
      '@nodelib/fs.stat': 2.0.5
      '@nodelib/fs.walk': 1.2.8
      glob-parent: 5.1.2
      merge2: 1.4.1
      micromatch: 4.0.8

  fastq@1.17.1:
    dependencies:
      reusify: 1.0.4

  fetch-blob@3.2.0:
    dependencies:
      node-domexception: 1.0.0
      web-streams-polyfill: 3.3.3

  ffmpeg-static@5.2.0:
    dependencies:
      '@derhuerst/http-basic': 8.2.4
      env-paths: 2.2.1
      https-proxy-agent: 5.0.1
      progress: 2.0.3
    transitivePeerDependencies:
      - supports-color

  file-type@16.5.4:
    dependencies:
      readable-web-to-node-stream: 3.0.2
      strtok3: 6.3.0
      token-types: 4.2.1

  fill-range@7.1.1:
    dependencies:
      to-regex-range: 5.0.1

  formdata-polyfill@4.0.10:
    dependencies:
      fetch-blob: 3.2.0

  fsevents@2.3.3:
    optional: true

  genius-lyrics@4.4.7:
    dependencies:
      node-html-parser: 6.1.13
      undici: 6.20.1

  get-tsconfig@4.8.1:
    dependencies:
      resolve-pkg-maps: 1.0.0

  glob-parent@5.1.2:
    dependencies:
      is-glob: 4.0.3

  he@1.2.0: {}

  himalaya@1.1.0: {}

  http-response-object@3.0.2:
    dependencies:
      '@types/node': 10.17.60

  https-proxy-agent@5.0.1:
    dependencies:
      agent-base: 6.0.2
      debug: 4.3.7
    transitivePeerDependencies:
      - supports-color

  ieee754@1.2.1: {}

  inherits@2.0.4: {}

  is-extglob@2.1.1: {}

  is-glob@4.0.3:
    dependencies:
      is-extglob: 2.1.1

  is-number@7.0.0: {}

  isomorphic-unfetch@4.0.2:
    dependencies:
      node-fetch: 3.3.2
      unfetch: 5.0.0

  jintr@2.1.1:
    dependencies:
      acorn: 8.13.0

  libsodium-wrappers@0.7.15:
    dependencies:
      libsodium: 0.7.15

  libsodium@0.7.15: {}

  lodash.snakecase@4.1.1: {}

  lodash@4.17.21: {}

  magic-bytes.js@1.10.0: {}

  mediaplex-android-arm64@0.0.9:
    optional: true

  mediaplex-darwin-arm64@0.0.9:
    optional: true

  mediaplex-darwin-universal@0.0.9:
    optional: true

  mediaplex-darwin-x64@0.0.9:
    optional: true

  mediaplex-freebsd-x64@0.0.9:
    optional: true

  mediaplex-linux-arm-gnueabihf@0.0.9:
    optional: true

  mediaplex-linux-x64-gnu@0.0.9:
    optional: true

  mediaplex-win32-arm64-msvc@0.0.9:
    optional: true

  mediaplex-win32-ia32-msvc@0.0.9:
    optional: true

  mediaplex-win32-x64-msvc@0.0.9:
    optional: true

  mediaplex@0.0.9:
    optionalDependencies:
      mediaplex-android-arm64: 0.0.9
      mediaplex-darwin-arm64: 0.0.9
      mediaplex-darwin-universal: 0.0.9
      mediaplex-darwin-x64: 0.0.9
      mediaplex-freebsd-x64: 0.0.9
      mediaplex-linux-arm-gnueabihf: 0.0.9
      mediaplex-linux-x64-gnu: 0.0.9
      mediaplex-win32-arm64-msvc: 0.0.9
      mediaplex-win32-ia32-msvc: 0.0.9
      mediaplex-win32-x64-msvc: 0.0.9

  merge2@1.4.1: {}

  micromatch@4.0.8:
    dependencies:
      braces: 3.0.3
      picomatch: 2.3.1

  ms@2.1.3: {}

  node-domexception@1.0.0: {}

  node-fetch@2.7.0:
    dependencies:
      whatwg-url: 5.0.0

  node-fetch@3.3.2:
    dependencies:
      data-uri-to-buffer: 4.0.1
      fetch-blob: 3.2.0
      formdata-polyfill: 4.0.10

  node-html-parser@6.1.13:
    dependencies:
      css-select: 5.1.0
      he: 1.2.0

  nth-check@2.1.1:
    dependencies:
      boolbase: 1.0.0

  parse-cache-control@1.0.1: {}

  peek-readable@4.1.0: {}

  picomatch@2.3.1: {}

  prism-media@1.3.5(ffmpeg-static@5.2.0):
    optionalDependencies:
      ffmpeg-static: 5.2.0

  progress@2.0.3: {}

  queue-microtask@1.2.3: {}

  radix3@1.1.2: {}

  readable-stream@3.6.2:
    dependencies:
      inherits: 2.0.4
      string_decoder: 1.3.0
      util-deprecate: 1.0.2

  readable-web-to-node-stream@3.0.2:
    dependencies:
      readable-stream: 3.6.2

  resolve-pkg-maps@1.0.0: {}

  reusify@1.0.4: {}

  reverbnation-scraper@2.0.0:
    dependencies:
      node-fetch: 2.7.0
    transitivePeerDependencies:
      - encoding

  run-parallel@1.2.0:
    dependencies:
      queue-microtask: 1.2.3

  safe-buffer@5.2.1: {}

  soundcloud.ts@0.5.5:
    dependencies:
      undici: 6.20.1

  spotify-uri@4.1.0: {}

  spotify-url-info@3.2.17:
    dependencies:
      himalaya: 1.1.0
      spotify-uri: 4.1.0

  string_decoder@1.3.0:
    dependencies:
      safe-buffer: 5.2.1

  strtok3@6.3.0:
    dependencies:
      '@tokenizer/token': 0.3.0
      peek-readable: 4.1.0

  tiny-typed-emitter@2.1.0: {}

  to-regex-range@5.0.1:
    dependencies:
      is-number: 7.0.0

  token-types@4.2.1:
    dependencies:
      '@tokenizer/token': 0.3.0
      ieee754: 1.2.1

  tr46@0.0.3: {}

  ts-mixer@6.0.4: {}

  tslib@2.8.0: {}

  tsx@4.19.1:
    dependencies:
      esbuild: 0.23.1
      get-tsconfig: 4.8.1
    optionalDependencies:
      fsevents: 2.3.3

  typedarray@0.0.6: {}

  typescript@5.6.3: {}

  undici-types@6.19.8: {}

  undici@5.28.4:
    dependencies:
      '@fastify/busboy': 2.1.1

  undici@6.19.8: {}

  undici@6.20.1: {}

  unfetch@5.0.0: {}

  util-deprecate@1.0.2: {}

  web-streams-polyfill@3.3.3: {}

  webidl-conversions@3.0.1: {}

  whatwg-url@5.0.0:
    dependencies:
      tr46: 0.0.3
      webidl-conversions: 3.0.1

  ws@8.18.0: {}

  youtube-sr@4.3.11: {}

  youtubei.js@10.5.0:
    dependencies:
      '@bufbuild/protobuf': 2.2.0
      jintr: 2.1.1
      tslib: 2.8.0
      undici: 5.28.4

  zod@3.23.8: {}
